
Microsoft Visual Studio Solution File, Format Version 12.00
# Visual Studio Version 16
VisualStudioVersion = 16.0.33529.622
MinimumVisualStudioVersion = 10.0.40219.1
Project("{FAE04EC0-301F-11D3-BF4B-00C04F79EFBC}") = "DataAccess", "DataAccess\DataAccess.csproj", "{8D854066-5018-4CCB-88A4-98443EA24A59}"
EndProject
Project("{FAE04EC0-301F-11D3-BF4B-00C04F79EFBC}") = "Business", "Business\Business.csproj", "{EEFA2FE8-529D-43B9-A5FB-701E4264169B}"
EndProject
Project("{FAE04EC0-301F-11D3-BF4B-00C04F79EFBC}") = "Entities", "Entities\Entities.csproj", "{19FEF133-651A-4633-BA2D-3778897B2361}"
EndProject
Project("{FAE04EC0-301F-11D3-BF4B-00C04F79EFBC}") = "ConsoleUI", "ConsoleUI\ConsoleUI.csproj", "{6A33D580-87E9-4E1D-8B89-A2716E0EC8A2}"
EndProject
Project("{FAE04EC0-301F-11D3-BF4B-00C04F79EFBC}") = "Core", "Core\Core.csproj", "{8554EB06-15CB-408E-A7CC-75EE2E2B8AE3}"
EndProject
Global
	GlobalSection(SolutionConfigurationPlatforms) = preSolution
		Debug|Any CPU = Debug|Any CPU
		Release|Any CPU = Release|Any CPU
	EndGlobalSection
	GlobalSection(ProjectConfigurationPlatforms) = postSolution
		{8D854066-5018-4CCB-88A4-98443EA24A59}.Debug|Any CPU.ActiveCfg = Debug|Any CPU
		{8D854066-5018-4CCB-88A4-98443EA24A59}.Debug|Any CPU.Build.0 = Debug|Any CPU
		{8D854066-5018-4CCB-88A4-98443EA24A59}.Release|Any CPU.ActiveCfg = Release|Any CPU
		{8D854066-5018-4CCB-88A4-98443EA24A59}.Release|Any CPU.Build.0 = Release|Any CPU
		{EEFA2FE8-529D-43B9-A5FB-701E4264169B}.Debug|Any CPU.ActiveCfg = Debug|Any CPU
		{EEFA2FE8-529D-43B9-A5FB-701E4264169B}.Debug|Any CPU.Build.0 = Debug|Any CPU
		{EEFA2FE8-529D-43B9-A5FB-701E4264169B}.Release|Any CPU.ActiveCfg = Release|Any CPU
		{EEFA2FE8-529D-43B9-A5FB-701E4264169B}.Release|Any CPU.Build.0 = Release|Any CPU
		{19FEF133-651A-4633-BA2D-3778897B2361}.Debug|Any CPU.ActiveCfg = Debug|Any CPU
		{19FEF133-651A-4633-BA2D-3778897B2361}.Debug|Any CPU.Build.0 = Debug|Any CPU
		{19FEF133-651A-4633-BA2D-3778897B2361}.Release|Any CPU.ActiveCfg = Release|Any CPU
		{19FEF133-651A-4633-BA2D-3778897B2361}.Release|Any CPU.Build.0 = Release|Any CPU
		{6A33D580-87E9-4E1D-8B89-A2716E0EC8A2}.Debug|Any CPU.ActiveCfg = Debug|Any CPU
		{6A33D580-87E9-4E1D-8B89-A2716E0EC8A2}.Debug|Any CPU.Build.0 = Debug|Any CPU
		{6A33D580-87E9-4E1D-8B89-A2716E0EC8A2}.Release|Any CPU.ActiveCfg = Release|Any CPU
		{6A33D580-87E9-4E1D-8B89-A2716E0EC8A2}.Release|Any CPU.Build.0 = Release|Any CPU
		{8554EB06-15CB-408E-A7CC-75EE2E2B8AE3}.Debug|Any CPU.ActiveCfg = Debug|Any CPU
		{8554EB06-15CB-408E-A7CC-75EE2E2B8AE3}.Debug|Any CPU.Build.0 = Debug|Any CPU
		{8554EB06-15CB-408E-A7CC-75EE2E2B8AE3}.Release|Any CPU.ActiveCfg = Release|Any CPU
		{8554EB06-15CB-408E-A7CC-75EE2E2B8AE3}.Release|Any CPU.Build.0 = Release|Any CPU
	EndGlobalSection
	GlobalSection(SolutionProperties) = preSolution
		HideSolutionNode = FALSE
	EndGlobalSection
	GlobalSection(ExtensibilityGlobals) = postSolution
		SolutionGuid = {A4856E61-38CA-401A-86BC-32E90C68C87C}
	EndGlobalSection
EndGlobal
